
Microsoft Visual Studio Solution File, Format Version 12.00
# Visual Studio Version 16
VisualStudioVersion = 16.0.31702.278
MinimumVisualStudioVersion = 10.0.40219.1
Project("{2150E333-8FDC-42A3-9474-1A3956D46DE8}") = "Services", "Services", "{7BA21A39-682C-4D7D-9E5B-024973DBA271}"
EndProject
Project("{2150E333-8FDC-42A3-9474-1A3956D46DE8}") = "Catalog", "Catalog", "{FECEB2AE-099A-4096-BCC4-602E1C41AE1E}"
EndProject
Project("{9A19103F-16F7-4668-BE54-9A1E7A4F7556}") = "Catalog.API", "Services\Catalog\Catalog.API\Catalog.API.csproj", "{2AFA1C15-72E1-4027-AF07-328E8E38B825}"
EndProject
Project("{E53339B2-1760-4266-BCC7-CA923CBCF16C}") = "docker-compose", "docker-compose.dcproj", "{71EB6754-99F3-48BE-84A5-4B2C3A0F8A12}"
EndProject
Project("{2150E333-8FDC-42A3-9474-1A3956D46DE8}") = "Basket", "Basket", "{F55A5AB9-6428-4769-BCB2-27534C5FEBFC}"
EndProject
Project("{9A19103F-16F7-4668-BE54-9A1E7A4F7556}") = "Basket.API", "Services\Basket\Basket.API\Basket.API.csproj", "{15A677B3-D6A6-4A3C-952C-678046B14A0E}"
EndProject
Project("{2150E333-8FDC-42A3-9474-1A3956D46DE8}") = "Discount", "Discount", "{9F2E196E-73A1-48E9-B843-118D0BF0BC77}"
EndProject
Project("{9A19103F-16F7-4668-BE54-9A1E7A4F7556}") = "Discount.API", "Services\Discount\Discount.API\Discount.API.csproj", "{C1101891-2972-4FBD-A101-A35EDD9193A5}"
EndProject
Project("{9A19103F-16F7-4668-BE54-9A1E7A4F7556}") = "Discount.Grpc", "Services\Discount\Discount.Grpc\Discount.Grpc.csproj", "{78114FF1-3DB8-4EA2-B67D-186E87DC375F}"
EndProject
Project("{2150E333-8FDC-42A3-9474-1A3956D46DE8}") = "Ordering", "Ordering", "{2111736B-2AD8-4025-A2BB-708AE0763E5E}"
EndProject
Project("{9A19103F-16F7-4668-BE54-9A1E7A4F7556}") = "Ordering.API", "Services\Ordering\Ordering.API\Ordering.API.csproj", "{B46A1127-C89E-4A86-A530-8FF9BC4538C3}"
EndProject
Project("{9A19103F-16F7-4668-BE54-9A1E7A4F7556}") = "Ordering.Domain", "Services\Ordering\Ordering.Domain\Ordering.Domain.csproj", "{2D747966-C395-4D3B-9EF3-AC770D7CFF25}"
EndProject
Project("{9A19103F-16F7-4668-BE54-9A1E7A4F7556}") = "Ordering.Application", "Services\Ordering\Ordering.Application\Ordering.Application.csproj", "{090A93E2-B9B1-427F-8636-3586A6549030}"
EndProject
Project("{9A19103F-16F7-4668-BE54-9A1E7A4F7556}") = "Ordering.Infrastructure", "Services\Ordering\Ordering.Infrastructure\Ordering.Infrastructure.csproj", "{1C463EB7-D314-48A1-A36C-FE65195C21C7}"
EndProject
Project("{2150E333-8FDC-42A3-9474-1A3956D46DE8}") = "BuildingBlocks", "BuildingBlocks", "{99DFEA3C-396C-4525-AA51-08446917912C}"
EndProject
Project("{9A19103F-16F7-4668-BE54-9A1E7A4F7556}") = "EventBus.Messages", "BuildingBlocks\EventBus.Messages\EventBus.Messages.csproj", "{A96F6931-3A0C-4711-BAE1-CDFC62970A8D}"
EndProject
Project("{2150E333-8FDC-42A3-9474-1A3956D46DE8}") = "ApiGateways", "ApiGateways", "{DEC80D11-6EDC-45AA-8D26-FDBD0E16ED76}"
EndProject
Project("{9A19103F-16F7-4668-BE54-9A1E7A4F7556}") = "OcelotApiGW", "ApiGateways\OcelotApiGW\OcelotApiGW.csproj", "{E417D6F1-3341-4978-B80F-6109B83CCCBB}"
EndProject
Project("{9A19103F-16F7-4668-BE54-9A1E7A4F7556}") = "Shopping.Aggregator", "ApiGateways\Shopping.Aggregator\Shopping.Aggregator.csproj", "{E4C93FBE-93DC-4421-A643-6059BA8305FE}"
EndProject
Project("{2150E333-8FDC-42A3-9474-1A3956D46DE8}") = "WebApps", "WebApps", "{E56E2A6D-BAFA-4370-84F7-561FBDD235C7}"
EndProject
Project("{9A19103F-16F7-4668-BE54-9A1E7A4F7556}") = "AspnetRunBasics", "WebApps\AspnetRunBasics\AspnetRunBasics.csproj", "{0B07B17A-3E36-4D30-8506-7DC96A747EBA}"
EndProject
Project("{FAE04EC0-301F-11D3-BF4B-00C04F79EFBC}") = "Common.Logging", "BuildingBlocks\Common.Logging\Common.Logging.csproj", "{000406B4-1B0E-40FD-AB7C-4131EA9B52EE}"
EndProject
Global
	GlobalSection(SolutionConfigurationPlatforms) = preSolution
		Debug|Any CPU = Debug|Any CPU
		Release|Any CPU = Release|Any CPU
	EndGlobalSection
	GlobalSection(ProjectConfigurationPlatforms) = postSolution
		{2AFA1C15-72E1-4027-AF07-328E8E38B825}.Debug|Any CPU.ActiveCfg = Debug|Any CPU
		{2AFA1C15-72E1-4027-AF07-328E8E38B825}.Debug|Any CPU.Build.0 = Debug|Any CPU
		{2AFA1C15-72E1-4027-AF07-328E8E38B825}.Release|Any CPU.ActiveCfg = Release|Any CPU
		{2AFA1C15-72E1-4027-AF07-328E8E38B825}.Release|Any CPU.Build.0 = Release|Any CPU
		{71EB6754-99F3-48BE-84A5-4B2C3A0F8A12}.Debug|Any CPU.ActiveCfg = Debug|Any CPU
		{71EB6754-99F3-48BE-84A5-4B2C3A0F8A12}.Debug|Any CPU.Build.0 = Debug|Any CPU
		{71EB6754-99F3-48BE-84A5-4B2C3A0F8A12}.Release|Any CPU.ActiveCfg = Release|Any CPU
		{71EB6754-99F3-48BE-84A5-4B2C3A0F8A12}.Release|Any CPU.Build.0 = Release|Any CPU
		{15A677B3-D6A6-4A3C-952C-678046B14A0E}.Debug|Any CPU.ActiveCfg = Debug|Any CPU
		{15A677B3-D6A6-4A3C-952C-678046B14A0E}.Debug|Any CPU.Build.0 = Debug|Any CPU
		{15A677B3-D6A6-4A3C-952C-678046B14A0E}.Release|Any CPU.ActiveCfg = Release|Any CPU
		{15A677B3-D6A6-4A3C-952C-678046B14A0E}.Release|Any CPU.Build.0 = Release|Any CPU
		{C1101891-2972-4FBD-A101-A35EDD9193A5}.Debug|Any CPU.ActiveCfg = Debug|Any CPU
		{C1101891-2972-4FBD-A101-A35EDD9193A5}.Debug|Any CPU.Build.0 = Debug|Any CPU
		{C1101891-2972-4FBD-A101-A35EDD9193A5}.Release|Any CPU.ActiveCfg = Release|Any CPU
		{C1101891-2972-4FBD-A101-A35EDD9193A5}.Release|Any CPU.Build.0 = Release|Any CPU
		{78114FF1-3DB8-4EA2-B67D-186E87DC375F}.Debug|Any CPU.ActiveCfg = Debug|Any CPU
		{78114FF1-3DB8-4EA2-B67D-186E87DC375F}.Debug|Any CPU.Build.0 = Debug|Any CPU
		{78114FF1-3DB8-4EA2-B67D-186E87DC375F}.Release|Any CPU.ActiveCfg = Release|Any CPU
		{78114FF1-3DB8-4EA2-B67D-186E87DC375F}.Release|Any CPU.Build.0 = Release|Any CPU
		{B46A1127-C89E-4A86-A530-8FF9BC4538C3}.Debug|Any CPU.ActiveCfg = Debug|Any CPU
		{B46A1127-C89E-4A86-A530-8FF9BC4538C3}.Debug|Any CPU.Build.0 = Debug|Any CPU
		{B46A1127-C89E-4A86-A530-8FF9BC4538C3}.Release|Any CPU.ActiveCfg = Release|Any CPU
		{B46A1127-C89E-4A86-A530-8FF9BC4538C3}.Release|Any CPU.Build.0 = Release|Any CPU
		{2D747966-C395-4D3B-9EF3-AC770D7CFF25}.Debug|Any CPU.ActiveCfg = Debug|Any CPU
		{2D747966-C395-4D3B-9EF3-AC770D7CFF25}.Debug|Any CPU.Build.0 = Debug|Any CPU
		{2D747966-C395-4D3B-9EF3-AC770D7CFF25}.Release|Any CPU.ActiveCfg = Release|Any CPU
		{2D747966-C395-4D3B-9EF3-AC770D7CFF25}.Release|Any CPU.Build.0 = Release|Any CPU
		{090A93E2-B9B1-427F-8636-3586A6549030}.Debug|Any CPU.ActiveCfg = Debug|Any CPU
		{090A93E2-B9B1-427F-8636-3586A6549030}.Debug|Any CPU.Build.0 = Debug|Any CPU
		{090A93E2-B9B1-427F-8636-3586A6549030}.Release|Any CPU.ActiveCfg = Release|Any CPU
		{090A93E2-B9B1-427F-8636-3586A6549030}.Release|Any CPU.Build.0 = Release|Any CPU
		{1C463EB7-D314-48A1-A36C-FE65195C21C7}.Debug|Any CPU.ActiveCfg = Debug|Any CPU
		{1C463EB7-D314-48A1-A36C-FE65195C21C7}.Debug|Any CPU.Build.0 = Debug|Any CPU
		{1C463EB7-D314-48A1-A36C-FE65195C21C7}.Release|Any CPU.ActiveCfg = Release|Any CPU
		{1C463EB7-D314-48A1-A36C-FE65195C21C7}.Release|Any CPU.Build.0 = Release|Any CPU
		{A96F6931-3A0C-4711-BAE1-CDFC62970A8D}.Debug|Any CPU.ActiveCfg = Debug|Any CPU
		{A96F6931-3A0C-4711-BAE1-CDFC62970A8D}.Debug|Any CPU.Build.0 = Debug|Any CPU
		{A96F6931-3A0C-4711-BAE1-CDFC62970A8D}.Release|Any CPU.ActiveCfg = Release|Any CPU
		{A96F6931-3A0C-4711-BAE1-CDFC62970A8D}.Release|Any CPU.Build.0 = Release|Any CPU
		{E417D6F1-3341-4978-B80F-6109B83CCCBB}.Debug|Any CPU.ActiveCfg = Debug|Any CPU
		{E417D6F1-3341-4978-B80F-6109B83CCCBB}.Debug|Any CPU.Build.0 = Debug|Any CPU
		{E417D6F1-3341-4978-B80F-6109B83CCCBB}.Release|Any CPU.ActiveCfg = Release|Any CPU
		{E417D6F1-3341-4978-B80F-6109B83CCCBB}.Release|Any CPU.Build.0 = Release|Any CPU
		{E4C93FBE-93DC-4421-A643-6059BA8305FE}.Debug|Any CPU.ActiveCfg = Debug|Any CPU
		{E4C93FBE-93DC-4421-A643-6059BA8305FE}.Debug|Any CPU.Build.0 = Debug|Any CPU
		{E4C93FBE-93DC-4421-A643-6059BA8305FE}.Release|Any CPU.ActiveCfg = Release|Any CPU
		{E4C93FBE-93DC-4421-A643-6059BA8305FE}.Release|Any CPU.Build.0 = Release|Any CPU
		{0B07B17A-3E36-4D30-8506-7DC96A747EBA}.Debug|Any CPU.ActiveCfg = Debug|Any CPU
		{0B07B17A-3E36-4D30-8506-7DC96A747EBA}.Debug|Any CPU.Build.0 = Debug|Any CPU
		{0B07B17A-3E36-4D30-8506-7DC96A747EBA}.Release|Any CPU.ActiveCfg = Release|Any CPU
		{0B07B17A-3E36-4D30-8506-7DC96A747EBA}.Release|Any CPU.Build.0 = Release|Any CPU
		{000406B4-1B0E-40FD-AB7C-4131EA9B52EE}.Debug|Any CPU.ActiveCfg = Debug|Any CPU
		{000406B4-1B0E-40FD-AB7C-4131EA9B52EE}.Debug|Any CPU.Build.0 = Debug|Any CPU
		{000406B4-1B0E-40FD-AB7C-4131EA9B52EE}.Release|Any CPU.ActiveCfg = Release|Any CPU
		{000406B4-1B0E-40FD-AB7C-4131EA9B52EE}.Release|Any CPU.Build.0 = Release|Any CPU
	EndGlobalSection
	GlobalSection(SolutionProperties) = preSolution
		HideSolutionNode = FALSE
	EndGlobalSection
	GlobalSection(NestedProjects) = preSolution
		{FECEB2AE-099A-4096-BCC4-602E1C41AE1E} = {7BA21A39-682C-4D7D-9E5B-024973DBA271}
		{2AFA1C15-72E1-4027-AF07-328E8E38B825} = {FECEB2AE-099A-4096-BCC4-602E1C41AE1E}
		{F55A5AB9-6428-4769-BCB2-27534C5FEBFC} = {7BA21A39-682C-4D7D-9E5B-024973DBA271}
		{15A677B3-D6A6-4A3C-952C-678046B14A0E} = {F55A5AB9-6428-4769-BCB2-27534C5FEBFC}
		{9F2E196E-73A1-48E9-B843-118D0BF0BC77} = {7BA21A39-682C-4D7D-9E5B-024973DBA271}
		{C1101891-2972-4FBD-A101-A35EDD9193A5} = {9F2E196E-73A1-48E9-B843-118D0BF0BC77}
		{78114FF1-3DB8-4EA2-B67D-186E87DC375F} = {9F2E196E-73A1-48E9-B843-118D0BF0BC77}
		{2111736B-2AD8-4025-A2BB-708AE0763E5E} = {7BA21A39-682C-4D7D-9E5B-024973DBA271}
		{B46A1127-C89E-4A86-A530-8FF9BC4538C3} = {2111736B-2AD8-4025-A2BB-708AE0763E5E}
		{2D747966-C395-4D3B-9EF3-AC770D7CFF25} = {2111736B-2AD8-4025-A2BB-708AE0763E5E}
		{090A93E2-B9B1-427F-8636-3586A6549030} = {2111736B-2AD8-4025-A2BB-708AE0763E5E}
		{1C463EB7-D314-48A1-A36C-FE65195C21C7} = {2111736B-2AD8-4025-A2BB-708AE0763E5E}
		{A96F6931-3A0C-4711-BAE1-CDFC62970A8D} = {99DFEA3C-396C-4525-AA51-08446917912C}
		{E417D6F1-3341-4978-B80F-6109B83CCCBB} = {DEC80D11-6EDC-45AA-8D26-FDBD0E16ED76}
		{E4C93FBE-93DC-4421-A643-6059BA8305FE} = {DEC80D11-6EDC-45AA-8D26-FDBD0E16ED76}
		{0B07B17A-3E36-4D30-8506-7DC96A747EBA} = {E56E2A6D-BAFA-4370-84F7-561FBDD235C7}
		{000406B4-1B0E-40FD-AB7C-4131EA9B52EE} = {99DFEA3C-396C-4525-AA51-08446917912C}
	EndGlobalSection
	GlobalSection(ExtensibilityGlobals) = postSolution
		SolutionGuid = {EE456413-31FE-4363-8A2C-02180B4AF98D}
	EndGlobalSection
EndGlobal
